# THIS IS AN AUTOGENERATED FILE. DO NOT EDIT THIS FILE DIRECTLY.
# yarn lockfile v1


"@types/aws-lambda@^8.10.56":
  version "8.10.85"
  resolved "https://registry.yarnpkg.com/@types/aws-lambda/-/aws-lambda-8.10.85.tgz#26cd76897b1972247cbc1a34b6f21d023e987437"
  integrity sha512-cMRXVxb+NMb6EekKel1fPBfz2ZqE5cGhIS14G7FVUM4Bqilx0lHKnZbsDLWLSeckDpkvlp5six2F7UWyEEJSoQ==

serverless-http@^2.7.0:
  version "2.7.0"
  resolved "https://registry.yarnpkg.com/serverless-http/-/serverless-http-2.7.0.tgz#352ca38cbbba58dc71dcfb11bb27c92c3c81fe69"
  integrity sha512-iWq0z1X2Xkuvz6wL305uCux/SypbojHlYsB5bzmF5TqoLYsdvMNIoCsgtWjwqWoo3AR2cjw3zAmHN2+U6mF99Q==
  optionalDependencies:
    "@types/aws-lambda" "^8.10.56"
